
Microsoft Visual Studio Solution File, Format Version 12.00
# Visual Studio Version 16
VisualStudioVersion = 16.0.29306.81
MinimumVisualStudioVersion = 10.0.40219.1
Project("{9A19103F-16F7-4668-BE54-9A1E7A4F7556}") = "DAL", "DAL\DAL.csproj", "{83E917CD-4832-41C7-9891-9FC193E17A91}"
EndProject
Project("{9A19103F-16F7-4668-BE54-9A1E7A4F7556}") = "BLL", "BLL\BLL.csproj", "{18F29CC4-F64E-442A-B56C-617736279272}"
EndProject
Project("{2150E333-8FDC-42A3-9474-1A3956D46DE8}") = "Presentation Layer", "Presentation Layer", "{FD5FBE56-7CEC-4D6E-AC97-7F9327515BC6}"
EndProject
Project("{9A19103F-16F7-4668-BE54-9A1E7A4F7556}") = "ExampleRESTfulApi", "ExampleRESTfulApi\ExampleRESTfulApi.csproj", "{9ABD4A0D-2097-4D45-BA6E-94515C8CADE7}"
EndProject
Global
	GlobalSection(SolutionConfigurationPlatforms) = preSolution
		Debug|Any CPU = Debug|Any CPU
		Release|Any CPU = Release|Any CPU
	EndGlobalSection
	GlobalSection(ProjectConfigurationPlatforms) = postSolution
		{83E917CD-4832-41C7-9891-9FC193E17A91}.Debug|Any CPU.ActiveCfg = Debug|Any CPU
		{83E917CD-4832-41C7-9891-9FC193E17A91}.Debug|Any CPU.Build.0 = Debug|Any CPU
		{83E917CD-4832-41C7-9891-9FC193E17A91}.Release|Any CPU.ActiveCfg = Release|Any CPU
		{83E917CD-4832-41C7-9891-9FC193E17A91}.Release|Any CPU.Build.0 = Release|Any CPU
		{18F29CC4-F64E-442A-B56C-617736279272}.Debug|Any CPU.ActiveCfg = Debug|Any CPU
		{18F29CC4-F64E-442A-B56C-617736279272}.Debug|Any CPU.Build.0 = Debug|Any CPU
		{18F29CC4-F64E-442A-B56C-617736279272}.Release|Any CPU.ActiveCfg = Release|Any CPU
		{18F29CC4-F64E-442A-B56C-617736279272}.Release|Any CPU.Build.0 = Release|Any CPU
		{9ABD4A0D-2097-4D45-BA6E-94515C8CADE7}.Debug|Any CPU.ActiveCfg = Debug|Any CPU
		{9ABD4A0D-2097-4D45-BA6E-94515C8CADE7}.Debug|Any CPU.Build.0 = Debug|Any CPU
		{9ABD4A0D-2097-4D45-BA6E-94515C8CADE7}.Release|Any CPU.ActiveCfg = Release|Any CPU
		{9ABD4A0D-2097-4D45-BA6E-94515C8CADE7}.Release|Any CPU.Build.0 = Release|Any CPU
	EndGlobalSection
	GlobalSection(SolutionProperties) = preSolution
		HideSolutionNode = FALSE
	EndGlobalSection
	GlobalSection(NestedProjects) = preSolution
		{9ABD4A0D-2097-4D45-BA6E-94515C8CADE7} = {FD5FBE56-7CEC-4D6E-AC97-7F9327515BC6}
	EndGlobalSection
	GlobalSection(ExtensibilityGlobals) = postSolution
		SolutionGuid = {1339C493-5476-46DB-8C7E-67EB4D83CF37}
	EndGlobalSection
EndGlobal
